
Microsoft Visual Studio Solution File, Format Version 12.00
# Visual Studio 15
VisualStudioVersion = 15.0.26730.10
MinimumVisualStudioVersion = 10.0.40219.1
Project("{FAE04EC0-301F-11D3-BF4B-00C04F79EFBC}") = "iDeviceCrackr", "iDeviceCrackr\iDeviceCrackr.csproj", "{AD3CE6B9-2E8F-468B-9D5E-E4E46F2B26DA}"
EndProject
Global
	GlobalSection(SolutionConfigurationPlatforms) = preSolution
		Debug|Any CPU = Debug|Any CPU
		Release|Any CPU = Release|Any CPU
	EndGlobalSection
	GlobalSection(ProjectConfigurationPlatforms) = postSolution
		{AD3CE6B9-2E8F-468B-9D5E-E4E46F2B26DA}.Debug|Any CPU.ActiveCfg = Debug|Any CPU
		{AD3CE6B9-2E8F-468B-9D5E-E4E46F2B26DA}.Debug|Any CPU.Build.0 = Debug|Any CPU
		{AD3CE6B9-2E8F-468B-9D5E-E4E46F2B26DA}.Release|Any CPU.ActiveCfg = Release|Any CPU
		{AD3CE6B9-2E8F-468B-9D5E-E4E46F2B26DA}.Release|Any CPU.Build.0 = Release|Any CPU
	EndGlobalSection
	GlobalSection(SolutionProperties) = preSolution
		HideSolutionNode = FALSE
	EndGlobalSection
	GlobalSection(ExtensibilityGlobals) = postSolution
		SolutionGuid = {7188D7DF-0500-4FB2-A8E9-75A45E0C035D}
	EndGlobalSection
EndGlobal
